
Microsoft Visual Studio Solution File, Format Version 12.00
# Visual Studio Version 16
VisualStudioVersion = 16.0.30804.86
MinimumVisualStudioVersion = 10.0.40219.1
Project("{9A19103F-16F7-4668-BE54-9A1E7A4F7556}") = "Order", "Order\Order.csproj", "{9CDB1C9E-2E89-49B0-9C89-CDD0EF7F0393}"
EndProject
Project("{FAE04EC0-301F-11D3-BF4B-00C04F79EFBC}") = "EventBusRabbitMQ", "EventBusRabbitMQ\EventBusRabbitMQ.csproj", "{A0CBBE57-393E-4AAF-AB50-119F4A8644AA}"
EndProject
Project("{FAE04EC0-301F-11D3-BF4B-00C04F79EFBC}") = "EventBusEvent", "EventBusEvent\EventBusEvent.csproj", "{21EB2F03-AC2D-477B-B37E-36E843662BE3}"
EndProject
Global
	GlobalSection(SolutionConfigurationPlatforms) = preSolution
		Debug|Any CPU = Debug|Any CPU
		Release|Any CPU = Release|Any CPU
	EndGlobalSection
	GlobalSection(ProjectConfigurationPlatforms) = postSolution
		{9CDB1C9E-2E89-49B0-9C89-CDD0EF7F0393}.Debug|Any CPU.ActiveCfg = Debug|Any CPU
		{9CDB1C9E-2E89-49B0-9C89-CDD0EF7F0393}.Debug|Any CPU.Build.0 = Debug|Any CPU
		{9CDB1C9E-2E89-49B0-9C89-CDD0EF7F0393}.Release|Any CPU.ActiveCfg = Release|Any CPU
		{9CDB1C9E-2E89-49B0-9C89-CDD0EF7F0393}.Release|Any CPU.Build.0 = Release|Any CPU
		{A0CBBE57-393E-4AAF-AB50-119F4A8644AA}.Debug|Any CPU.ActiveCfg = Debug|Any CPU
		{A0CBBE57-393E-4AAF-AB50-119F4A8644AA}.Debug|Any CPU.Build.0 = Debug|Any CPU
		{A0CBBE57-393E-4AAF-AB50-119F4A8644AA}.Release|Any CPU.ActiveCfg = Release|Any CPU
		{A0CBBE57-393E-4AAF-AB50-119F4A8644AA}.Release|Any CPU.Build.0 = Release|Any CPU
		{21EB2F03-AC2D-477B-B37E-36E843662BE3}.Debug|Any CPU.ActiveCfg = Debug|Any CPU
		{21EB2F03-AC2D-477B-B37E-36E843662BE3}.Debug|Any CPU.Build.0 = Debug|Any CPU
		{21EB2F03-AC2D-477B-B37E-36E843662BE3}.Release|Any CPU.ActiveCfg = Release|Any CPU
		{21EB2F03-AC2D-477B-B37E-36E843662BE3}.Release|Any CPU.Build.0 = Release|Any CPU
	EndGlobalSection
	GlobalSection(SolutionProperties) = preSolution
		HideSolutionNode = FALSE
	EndGlobalSection
	GlobalSection(ExtensibilityGlobals) = postSolution
		SolutionGuid = {ABFE7CAD-6846-44DA-A374-8E5F4FFBAF0A}
	EndGlobalSection
EndGlobal
